
Microsoft Visual Studio Solution File, Format Version 12.00
# Visual Studio Version 17
VisualStudioVersion = 17.9.34616.47
MinimumVisualStudioVersion = 10.0.40219.1
Project("{FAE04EC0-301F-11D3-BF4B-00C04F79EFBC}") = "pwither.net", "pwither.net\pwither.net.csproj", "{B52F570A-8765-4A9F-A31E-796E932F18F7}"
EndProject
Project("{FAE04EC0-301F-11D3-BF4B-00C04F79EFBC}") = "pwither.net.client", "pwither.net.client\pwither.net.client.csproj", "{C9B29D51-4C27-406C-9CD9-2778DB3CDC92}"
EndProject
Project("{FAE04EC0-301F-11D3-BF4B-00C04F79EFBC}") = "pwither.net.server", "pwither.net.server\pwither.net.server.csproj", "{B10AE54A-AB5D-49F7-B60C-98F90870D8A2}"
EndProject
Global
	GlobalSection(SolutionConfigurationPlatforms) = preSolution
		Debug|Any CPU = Debug|Any CPU
		Release|Any CPU = Release|Any CPU
	EndGlobalSection
	GlobalSection(ProjectConfigurationPlatforms) = postSolution
		{B52F570A-8765-4A9F-A31E-796E932F18F7}.Debug|Any CPU.ActiveCfg = Debug|Any CPU
		{B52F570A-8765-4A9F-A31E-796E932F18F7}.Debug|Any CPU.Build.0 = Debug|Any CPU
		{B52F570A-8765-4A9F-A31E-796E932F18F7}.Release|Any CPU.ActiveCfg = Release|Any CPU
		{B52F570A-8765-4A9F-A31E-796E932F18F7}.Release|Any CPU.Build.0 = Release|Any CPU
		{C9B29D51-4C27-406C-9CD9-2778DB3CDC92}.Debug|Any CPU.ActiveCfg = Debug|Any CPU
		{C9B29D51-4C27-406C-9CD9-2778DB3CDC92}.Debug|Any CPU.Build.0 = Debug|Any CPU
		{C9B29D51-4C27-406C-9CD9-2778DB3CDC92}.Release|Any CPU.ActiveCfg = Release|Any CPU
		{C9B29D51-4C27-406C-9CD9-2778DB3CDC92}.Release|Any CPU.Build.0 = Release|Any CPU
		{B10AE54A-AB5D-49F7-B60C-98F90870D8A2}.Debug|Any CPU.ActiveCfg = Debug|Any CPU
		{B10AE54A-AB5D-49F7-B60C-98F90870D8A2}.Debug|Any CPU.Build.0 = Debug|Any CPU
		{B10AE54A-AB5D-49F7-B60C-98F90870D8A2}.Release|Any CPU.ActiveCfg = Release|Any CPU
		{B10AE54A-AB5D-49F7-B60C-98F90870D8A2}.Release|Any CPU.Build.0 = Release|Any CPU
	EndGlobalSection
	GlobalSection(SolutionProperties) = preSolution
		HideSolutionNode = FALSE
	EndGlobalSection
	GlobalSection(ExtensibilityGlobals) = postSolution
		SolutionGuid = {1BC590B3-0EE1-4972-A822-104908BB5276}
	EndGlobalSection
EndGlobal
